
Microsoft Visual Studio Solution File, Format Version 12.00
# Visual Studio 15
VisualStudioVersion = 15.0.28307.106
MinimumVisualStudioVersion = 10.0.40219.1
Project("{FAE04EC0-301F-11D3-BF4B-00C04F79EFBC}") = "WeatherStationRest", "WeatherStationRest\WeatherStationRest.csproj", "{7E3C1B33-C531-4E18-BF7D-7C985E499BD9}"
EndProject
Project("{FAE04EC0-301F-11D3-BF4B-00C04F79EFBC}") = "ModelLib", "ModelLib\ModelLib.csproj", "{CF360453-444C-4C57-893D-C89573A34F66}"
EndProject
Global
	GlobalSection(SolutionConfigurationPlatforms) = preSolution
		Debug|Any CPU = Debug|Any CPU
		Release|Any CPU = Release|Any CPU
	EndGlobalSection
	GlobalSection(ProjectConfigurationPlatforms) = postSolution
		{7E3C1B33-C531-4E18-BF7D-7C985E499BD9}.Debug|Any CPU.ActiveCfg = Debug|Any CPU
		{7E3C1B33-C531-4E18-BF7D-7C985E499BD9}.Debug|Any CPU.Build.0 = Debug|Any CPU
		{7E3C1B33-C531-4E18-BF7D-7C985E499BD9}.Release|Any CPU.ActiveCfg = Release|Any CPU
		{7E3C1B33-C531-4E18-BF7D-7C985E499BD9}.Release|Any CPU.Build.0 = Release|Any CPU
		{CF360453-444C-4C57-893D-C89573A34F66}.Debug|Any CPU.ActiveCfg = Debug|Any CPU
		{CF360453-444C-4C57-893D-C89573A34F66}.Debug|Any CPU.Build.0 = Debug|Any CPU
		{CF360453-444C-4C57-893D-C89573A34F66}.Release|Any CPU.ActiveCfg = Release|Any CPU
		{CF360453-444C-4C57-893D-C89573A34F66}.Release|Any CPU.Build.0 = Release|Any CPU
	EndGlobalSection
	GlobalSection(SolutionProperties) = preSolution
		HideSolutionNode = FALSE
	EndGlobalSection
	GlobalSection(ExtensibilityGlobals) = postSolution
		SolutionGuid = {32E1F10A-E261-418B-941C-528095A4878F}
	EndGlobalSection
EndGlobal
