
Microsoft Visual Studio Solution File, Format Version 12.00
# Visual Studio Version 16
VisualStudioVersion = 16.0.29324.140
MinimumVisualStudioVersion = 10.0.40219.1
Project("{9A19103F-16F7-4668-BE54-9A1E7A4F7556}") = "WeatherStationRest", "WeatherStationRest\WeatherStationRest.csproj", "{7E3C1B33-C531-4E18-BF7D-7C985E499BD9}"
EndProject
Project("{9A19103F-16F7-4668-BE54-9A1E7A4F7556}") = "ModelLib", "ModelLib\ModelLib.csproj", "{CF360453-444C-4C57-893D-C89573A34F66}"
EndProject
Project("{9A19103F-16F7-4668-BE54-9A1E7A4F7556}") = "UDPProxy", "UDPProxy\UDPProxy.csproj", "{C40CBE4E-0416-475B-94A8-3CE216EA3D08}"
EndProject
Project("{FAE04EC0-301F-11D3-BF4B-00C04F79EFBC}") = "CompleteTest", "CompleteTest\CompleteTest.csproj", "{7C27D5A9-43CE-4F41-A854-5D487887E7A0}"
EndProject
Global
	GlobalSection(SolutionConfigurationPlatforms) = preSolution
		Debug|Any CPU = Debug|Any CPU
		Release|Any CPU = Release|Any CPU
	EndGlobalSection
	GlobalSection(ProjectConfigurationPlatforms) = postSolution
		{7E3C1B33-C531-4E18-BF7D-7C985E499BD9}.Debug|Any CPU.ActiveCfg = Debug|Any CPU
		{7E3C1B33-C531-4E18-BF7D-7C985E499BD9}.Debug|Any CPU.Build.0 = Debug|Any CPU
		{7E3C1B33-C531-4E18-BF7D-7C985E499BD9}.Release|Any CPU.ActiveCfg = Release|Any CPU
		{7E3C1B33-C531-4E18-BF7D-7C985E499BD9}.Release|Any CPU.Build.0 = Release|Any CPU
		{CF360453-444C-4C57-893D-C89573A34F66}.Debug|Any CPU.ActiveCfg = Debug|Any CPU
		{CF360453-444C-4C57-893D-C89573A34F66}.Debug|Any CPU.Build.0 = Debug|Any CPU
		{CF360453-444C-4C57-893D-C89573A34F66}.Release|Any CPU.ActiveCfg = Release|Any CPU
		{CF360453-444C-4C57-893D-C89573A34F66}.Release|Any CPU.Build.0 = Release|Any CPU
		{C40CBE4E-0416-475B-94A8-3CE216EA3D08}.Debug|Any CPU.ActiveCfg = Debug|Any CPU
		{C40CBE4E-0416-475B-94A8-3CE216EA3D08}.Debug|Any CPU.Build.0 = Debug|Any CPU
		{C40CBE4E-0416-475B-94A8-3CE216EA3D08}.Release|Any CPU.ActiveCfg = Release|Any CPU
		{C40CBE4E-0416-475B-94A8-3CE216EA3D08}.Release|Any CPU.Build.0 = Release|Any CPU
		{7C27D5A9-43CE-4F41-A854-5D487887E7A0}.Debug|Any CPU.ActiveCfg = Debug|Any CPU
		{7C27D5A9-43CE-4F41-A854-5D487887E7A0}.Debug|Any CPU.Build.0 = Debug|Any CPU
		{7C27D5A9-43CE-4F41-A854-5D487887E7A0}.Release|Any CPU.ActiveCfg = Release|Any CPU
		{7C27D5A9-43CE-4F41-A854-5D487887E7A0}.Release|Any CPU.Build.0 = Release|Any CPU
	EndGlobalSection
	GlobalSection(SolutionProperties) = preSolution
		HideSolutionNode = FALSE
	EndGlobalSection
	GlobalSection(ExtensibilityGlobals) = postSolution
		SolutionGuid = {32E1F10A-E261-418B-941C-528095A4878F}
	EndGlobalSection
EndGlobal
